// !$*UTF8*$!
{
	archiveVersion = 1;
	classes = {
	};
	objectVersion = 50;
	objects = {

/* Begin PBXBuildFile section */
		A25EEF8D25C08D20004A5769 /* AppDelegate.swift in Sources */ = {isa = PBXBuildFile; fileRef = A25EEF8C25C08D20004A5769 /* AppDelegate.swift */; };
		A25EEF8F25C08D20004A5769 /* SceneDelegate.swift in Sources */ = {isa = PBXBuildFile; fileRef = A25EEF8E25C08D20004A5769 /* SceneDelegate.swift */; };
		A25EEF9125C08D20004A5769 /* ViewController.swift in Sources */ = {isa = PBXBuildFile; fileRef = A25EEF9025C08D20004A5769 /* ViewController.swift */; };
		A25EEF9425C08D20004A5769 /* Main.storyboard in Resources */ = {isa = PBXBuildFile; fileRef = A25EEF9225C08D20004A5769 /* Main.storyboard */; };
		A25EEF9725C08D20004A5769 /* ListaRecetas.xcdatamodeld in Sources */ = {isa = PBXBuildFile; fileRef = A25EEF9525C08D20004A5769 /* ListaRecetas.xcdatamodeld */; };
		A25EEF9925C08D24004A5769 /* Assets.xcassets in Resources */ = {isa = PBXBuildFile; fileRef = A25EEF9825C08D24004A5769 /* Assets.xcassets */; };
		A25EEF9C25C08D24004A5769 /* LaunchScreen.storyboard in Resources */ = {isa = PBXBuildFile; fileRef = A25EEF9A25C08D24004A5769 /* LaunchScreen.storyboard */; };
		A25EEFA625C08DFE004A5769 /* RecetaModel.swift in Sources */ = {isa = PBXBuildFile; fileRef = A25EEFA525C08DFE004A5769 /* RecetaModel.swift */; };
		A25EEFA825C08E4B004A5769 /* AddRecetaViewController.swift in Sources */ = {isa = PBXBuildFile; fileRef = A25EEFA725C08E4B004A5769 /* AddRecetaViewController.swift */; };
		A25EEFAA25C09549004A5769 /* VerRecetaViewController.swift in Sources */ = {isa = PBXBuildFile; fileRef = A25EEFA925C09549004A5769 /* VerRecetaViewController.swift */; };
		A25EEFAC25C09679004A5769 /* AddIngredientesViewController.swift in Sources */ = {isa = PBXBuildFile; fileRef = A25EEFAB25C09679004A5769 /* AddIngredientesViewController.swift */; };
		A25EEFAE25C0BD8D004A5769 /* RecetaTableViewCell.swift in Sources */ = {isa = PBXBuildFile; fileRef = A25EEFAD25C0BD8D004A5769 /* RecetaTableViewCell.swift */; };
		A25EEFB025C0CA93004A5769 /* IngredienteTableViewCell.swift in Sources */ = {isa = PBXBuildFile; fileRef = A25EEFAF25C0CA93004A5769 /* IngredienteTableViewCell.swift */; };
/* End PBXBuildFile section */

/* Begin PBXFileReference section */
		A25EEF8925C08D20004A5769 /* ListaRecetas.app */ = {isa = PBXFileReference; explicitFileType = wrapper.application; includeInIndex = 0; path = ListaRecetas.app; sourceTree = BUILT_PRODUCTS_DIR; };
		A25EEF8C25C08D20004A5769 /* AppDelegate.swift */ = {isa = PBXFileReference; lastKnownFileType = sourcecode.swift; path = AppDelegate.swift; sourceTree = "<group>"; };
		A25EEF8E25C08D20004A5769 /* SceneDelegate.swift */ = {isa = PBXFileReference; lastKnownFileType = sourcecode.swift; path = SceneDelegate.swift; sourceTree = "<group>"; };
		A25EEF9025C08D20004A5769 /* ViewController.swift */ = {isa = PBXFileReference; lastKnownFileType = sourcecode.swift; path = ViewController.swift; sourceTree = "<group>"; };
		A25EEF9325C08D20004A5769 /* Base */ = {isa = PBXFileReference; lastKnownFileType = file.storyboard; name = Base; path = Base.lproj/Main.storyboard; sourceTree = "<group>"; };
		A25EEF9625C08D20004A5769 /* ListaRecetas.xcdatamodel */ = {isa = PBXFileReference; lastKnownFileType = wrapper.xcdatamodel; path = ListaRecetas.xcdatamodel; sourceTree = "<group>"; };
		A25EEF9825C08D24004A5769 /* Assets.xcassets */ = {isa = PBXFileReference; lastKnownFileType = folder.assetcatalog; path = Assets.xcassets; sourceTree = "<group>"; };
		A25EEF9B25C08D24004A5769 /* Base */ = {isa = PBXFileReference; lastKnownFileType = file.storyboard; name = Base; path = Base.lproj/LaunchScreen.storyboard; sourceTree = "<group>"; };
		A25EEF9D25C08D24004A5769 /* Info.plist */ = {isa = PBXFileReference; lastKnownFileType = text.plist.xml; path = Info.plist; sourceTree = "<group>"; };
		A25EEFA525C08DFE004A5769 /* RecetaModel.swift */ = {isa = PBXFileReference; lastKnownFileType = sourcecode.swift; path = RecetaModel.swift; sourceTree = "<group>"; };
		A25EEFA725C08E4B004A5769 /* AddRecetaViewController.swift */ = {isa = PBXFileReference; lastKnownFileType = sourcecode.swift; path = AddRecetaViewController.swift; sourceTree = "<group>"; };
		A25EEFA925C09549004A5769 /* VerRecetaViewController.swift */ = {isa = PBXFileReference; lastKnownFileType = sourcecode.swift; path = VerRecetaViewController.swift; sourceTree = "<group>"; };
		A25EEFAB25C09679004A5769 /* AddIngredientesViewController.swift */ = {isa = PBXFileReference; lastKnownFileType = sourcecode.swift; path = AddIngredientesViewController.swift; sourceTree = "<group>"; };
		A25EEFAD25C0BD8D004A5769 /* RecetaTableViewCell.swift */ = {isa = PBXFileReference; lastKnownFileType = sourcecode.swift; path = RecetaTableViewCell.swift; sourceTree = "<group>"; };
		A25EEFAF25C0CA93004A5769 /* IngredienteTableViewCell.swift */ = {isa = PBXFileReference; lastKnownFileType = sourcecode.swift; path = IngredienteTableViewCell.swift; sourceTree = "<group>"; };
/* End PBXFileReference section */

/* Begin PBXFrameworksBuildPhase section */
		A25EEF8625C08D20004A5769 /* Frameworks */ = {
			isa = PBXFrameworksBuildPhase;
			buildActionMask = 2147483647;
			files = (
			);
			runOnlyForDeploymentPostprocessing = 0;
		};
/* End PBXFrameworksBuildPhase section */

/* Begin PBXGroup section */
		A25EEF8025C08D20004A5769 = {
			isa = PBXGroup;
			children = (
				A25EEF8B25C08D20004A5769 /* ListaRecetas */,
				A25EEF8A25C08D20004A5769 /* Products */,
			);
			sourceTree = "<group>";
		};
		A25EEF8A25C08D20004A5769 /* Products */ = {
			isa = PBXGroup;
			children = (
				A25EEF8925C08D20004A5769 /* ListaRecetas.app */,
			);
			name = Products;
			sourceTree = "<group>";
		};
		A25EEF8B25C08D20004A5769 /* ListaRecetas */ = {
			isa = PBXGroup;
			children = (
				A25EEFA425C08D98004A5769 /* Controladores */,
				A25EEFA325C08D7D004A5769 /* Modelos */,
				A25EEF8C25C08D20004A5769 /* AppDelegate.swift */,
				A25EEF8E25C08D20004A5769 /* SceneDelegate.swift */,
				A25EEF9225C08D20004A5769 /* Main.storyboard */,
				A25EEF9825C08D24004A5769 /* Assets.xcassets */,
				A25EEF9A25C08D24004A5769 /* LaunchScreen.storyboard */,
				A25EEF9D25C08D24004A5769 /* Info.plist */,
				A25EEF9525C08D20004A5769 /* ListaRecetas.xcdatamodeld */,
			);
			path = ListaRecetas;
			sourceTree = "<group>";
		};
		A25EEFA325C08D7D004A5769 /* Modelos */ = {
			isa = PBXGroup;
			children = (
				A25EEFA525C08DFE004A5769 /* RecetaModel.swift */,
				A25EEFAD25C0BD8D004A5769 /* RecetaTableViewCell.swift */,
				A25EEFAF25C0CA93004A5769 /* IngredienteTableViewCell.swift */,
			);
			path = Modelos;
			sourceTree = "<group>";
		};
		A25EEFA425C08D98004A5769 /* Controladores */ = {
			isa = PBXGroup;
			children = (
				A25EEF9025C08D20004A5769 /* ViewController.swift */,
				A25EEFA725C08E4B004A5769 /* AddRecetaViewController.swift */,
				A25EEFA925C09549004A5769 /* VerRecetaViewController.swift */,
				A25EEFAB25C09679004A5769 /* AddIngredientesViewController.swift */,
			);
			name = Controladores;
			sourceTree = "<group>";
		};
/* End PBXGroup section */

/* Begin PBXNativeTarget section */
		A25EEF8825C08D20004A5769 /* ListaRecetas */ = {
			isa = PBXNativeTarget;
			buildConfigurationList = A25EEFA025C08D24004A5769 /* Build configuration list for PBXNativeTarget "ListaRecetas" */;
			buildPhases = (
				A25EEF8525C08D20004A5769 /* Sources */,
				A25EEF8625C08D20004A5769 /* Frameworks */,
				A25EEF8725C08D20004A5769 /* Resources */,
			);
			buildRules = (
			);
			dependencies = (
			);
			name = ListaRecetas;
			productName = ListaRecetas;
			productReference = A25EEF8925C08D20004A5769 /* ListaRecetas.app */;
			productType = "com.apple.product-type.application";
		};
/* End PBXNativeTarget section */

/* Begin PBXProject section */
		A25EEF8125C08D20004A5769 /* Project object */ = {
			isa = PBXProject;
			attributes = {
				LastSwiftUpdateCheck = 1130;
				LastUpgradeCheck = 1130;
				ORGANIZATIONNAME = "Marcos Ledesma";
				TargetAttributes = {
					A25EEF8825C08D20004A5769 = {
						CreatedOnToolsVersion = 11.3.1;
					};
				};
			};
			buildConfigurationList = A25EEF8425C08D20004A5769 /* Build configuration list for PBXProject "ListaRecetas" */;
			compatibilityVersion = "Xcode 9.3";
			developmentRegion = en;
			hasScannedForEncodings = 0;
			knownRegions = (
				en,
				Base,
			);
			mainGroup = A25EEF8025C08D20004A5769;
			productRefGroup = A25EEF8A25C08D20004A5769 /* Products */;
			projectDirPath = "";
			projectRoot = "";
			targets = (
				A25EEF8825C08D20004A5769 /* ListaRecetas */,
			);
		};
/* End PBXProject section */

/* Begin PBXResourcesBuildPhase section */
		A25EEF8725C08D20004A5769 /* Resources */ = {
			isa = PBXResourcesBuildPhase;
			buildActionMask = 2147483647;
			files = (
				A25EEF9C25C08D24004A5769 /* LaunchScreen.storyboard in Resources */,
				A25EEF9925C08D24004A5769 /* Assets.xcassets in Resources */,
				A25EEF9425C08D20004A5769 /* Main.storyboard in Resources */,
			);
			runOnlyForDeploymentPostprocessing = 0;
		};
/* End PBXResourcesBuildPhase section */

/* Begin PBXSourcesBuildPhase section */
		A25EEF8525C08D20004A5769 /* Sources */ = {
			isa = PBXSourcesBuildPhase;
			buildActionMask = 2147483647;
			files = (
				A25EEFB025C0CA93004A5769 /* IngredienteTableViewCell.swift in Sources */,
				A25EEF9125C08D20004A5769 /* ViewController.swift in Sources */,
				A25EEF9725C08D20004A5769 /* ListaRecetas.xcdatamodeld in Sources */,
				A25EEFA825C08E4B004A5769 /* AddRecetaViewController.swift in Sources */,
				A25EEFA625C08DFE004A5769 /* RecetaModel.swift in Sources */,
				A25EEFAA25C09549004A5769 /* VerRecetaViewController.swift in Sources */,
				A25EEF8D25C08D20004A5769 /* AppDelegate.swift in Sources */,
				A25EEFAE25C0BD8D004A5769 /* RecetaTableViewCell.swift in Sources */,
				A25EEF8F25C08D20004A5769 /* SceneDelegate.swift in Sources */,
				A25EEFAC25C09679004A5769 /* AddIngredientesViewController.swift in Sources */,
			);
			runOnlyForDeploymentPostprocessing = 0;
		};
/* End PBXSourcesBuildPhase section */

/* Begin PBXVariantGroup section */
		A25EEF9225C08D20004A5769 /* Main.storyboard */ = {
			isa = PBXVariantGroup;
			children = (
				A25EEF9325C08D20004A5769 /* Base */,
			);
			name = Main.storyboard;
			sourceTree = "<group>";
		};
		A25EEF9A25C08D24004A5769 /* LaunchScreen.storyboard */ = {
			isa = PBXVariantGroup;
			children = (
				A25EEF9B25C08D24004A5769 /* Base */,
			);
			name = LaunchScreen.storyboard;
			sourceTree = "<group>";
		};
/* End PBXVariantGroup section */

/* Begin XCBuildConfiguration section */
		A25EEF9E25C08D24004A5769 /* Debug */ = {
			isa = XCBuildConfiguration;
			buildSettings = {
				ALWAYS_SEARCH_USER_PATHS = NO;
				CLANG_ANALYZER_NONNULL = YES;
				CLANG_ANALYZER_NUMBER_OBJECT_CONVERSION = YES_AGGRESSIVE;
				CLANG_CXX_LANGUAGE_STANDARD = "gnu++14";
				CLANG_CXX_LIBRARY = "libc++";
				CLANG_ENABLE_MODULES = YES;
				CLANG_ENABLE_OBJC_ARC = YES;
				CLANG_ENABLE_OBJC_WEAK = YES;
				CLANG_WARN_BLOCK_CAPTURE_AUTORELEASING = YES;
				CLANG_WARN_BOOL_CONVERSION = YES;
				CLANG_WARN_COMMA = YES;
				CLANG_WARN_CONSTANT_CONVERSION = YES;
				CLANG_WARN_DEPRECATED_OBJC_IMPLEMENTATIONS = YES;
				CLANG_WARN_DIRECT_OBJC_ISA_USAGE = YES_ERROR;
				CLANG_WARN_DOCUMENTATION_COMMENTS = YES;
				CLANG_WARN_EMPTY_BODY = YES;
				CLANG_WARN_ENUM_CONVERSION = YES;
				CLANG_WARN_INFINITE_RECURSION = YES;
				CLANG_WARN_INT_CONVERSION = YES;
				CLANG_WARN_NON_LITERAL_NULL_CONVERSION = YES;
				CLANG_WARN_OBJC_IMPLICIT_RETAIN_SELF = YES;
				CLANG_WARN_OBJC_LITERAL_CONVERSION = YES;
				CLANG_WARN_OBJC_ROOT_CLASS = YES_ERROR;
				CLANG_WARN_RANGE_LOOP_ANALYSIS = YES;
				CLANG_WARN_STRICT_PROTOTYPES = YES;
				CLANG_WARN_SUSPICIOUS_MOVE = YES;
				CLANG_WARN_UNGUARDED_AVAILABILITY = YES_AGGRESSIVE;
				CLANG_WARN_UNREACHABLE_CODE = YES;
				CLANG_WARN__DUPLICATE_METHOD_MATCH = YES;
				COPY_PHASE_STRIP = NO;
				DEBUG_INFORMATION_FORMAT = dwarf;
				ENABLE_STRICT_OBJC_MSGSEND = YES;
				ENABLE_TESTABILITY = YES;
				GCC_C_LANGUAGE_STANDARD = gnu11;
				GCC_DYNAMIC_NO_PIC = NO;
				GCC_NO_COMMON_BLOCKS = YES;
				GCC_OPTIMIZATION_LEVEL = 0;
				GCC_PREPROCESSOR_DEFINITIONS = (
					"DEBUG=1",
					"$(inherited)",
				);
				GCC_WARN_64_TO_32_BIT_CONVERSION = YES;
				GCC_WARN_ABOUT_RETURN_TYPE = YES_ERROR;
				GCC_WARN_UNDECLARED_SELECTOR = YES;
				GCC_WARN_UNINITIALIZED_AUTOS = YES_AGGRESSIVE;
				GCC_WARN_UNUSED_FUNCTION = YES;
				GCC_WARN_UNUSED_VARIABLE = YES;
				IPHONEOS_DEPLOYMENT_TARGET = 13.2;
				MTL_ENABLE_DEBUG_INFO = INCLUDE_SOURCE;
				MTL_FAST_MATH = YES;
				ONLY_ACTIVE_ARCH = YES;
				SDKROOT = iphoneos;
				SWIFT_ACTIVE_COMPILATION_CONDITIONS = DEBUG;
				SWIFT_OPTIMIZATION_LEVEL = "-Onone";
			};
			name = Debug;
		};
		A25EEF9F25C08D24004A5769 /* Release */ = {
			isa = XCBuildConfiguration;
			buildSettings = {
				ALWAYS_SEARCH_USER_PATHS = NO;
				CLANG_ANALYZER_NONNULL = YES;
				CLANG_ANALYZER_NUMBER_OBJECT_CONVERSION = YES_AGGRESSIVE;
				CLANG_CXX_LANGUAGE_STANDARD = "gnu++14";
				CLANG_CXX_LIBRARY = "libc++";
				CLANG_ENABLE_MODULES = YES;
				CLANG_ENABLE_OBJC_ARC = YES;
				CLANG_ENABLE_OBJC_WEAK = YES;
				CLANG_WARN_BLOCK_CAPTURE_AUTORELEASING = YES;
				CLANG_WARN_BOOL_CONVERSION = YES;
				CLANG_WARN_COMMA = YES;
				CLANG_WARN_CONSTANT_CONVERSION = YES;
				CLANG_WARN_DEPRECATED_OBJC_IMPLEMENTATIONS = YES;
				CLANG_WARN_DIRECT_OBJC_ISA_USAGE = YES_ERROR;
				CLANG_WARN_DOCUMENTATION_COMMENTS = YES;
				CLANG_WARN_EMPTY_BODY = YES;
				CLANG_WARN_ENUM_CONVERSION = YES;
				CLANG_WARN_INFINITE_RECURSION = YES;
				CLANG_WARN_INT_CONVERSION = YES;
				CLANG_WARN_NON_LITERAL_NULL_CONVERSION = YES;
				CLANG_WARN_OBJC_IMPLICIT_RETAIN_SELF = YES;
				CLANG_WARN_OBJC_LITERAL_CONVERSION = YES;
				CLANG_WARN_OBJC_ROOT_CLASS = YES_ERROR;
				CLANG_WARN_RANGE_LOOP_ANALYSIS = YES;
				CLANG_WARN_STRICT_PROTOTYPES = YES;
				CLANG_WARN_SUSPICIOUS_MOVE = YES;
				CLANG_WARN_UNGUARDED_AVAILABILITY = YES_AGGRESSIVE;
				CLANG_WARN_UNREACHABLE_CODE = YES;
				CLANG_WARN__DUPLICATE_METHOD_MATCH = YES;
				COPY_PHASE_STRIP = NO;
				DEBUG_INFORMATION_FORMAT = "dwarf-with-dsym";
				ENABLE_NS_ASSERTIONS = NO;
				ENABLE_STRICT_OBJC_MSGSEND = YES;
				GCC_C_LANGUAGE_STANDARD = gnu11;
				GCC_NO_COMMON_BLOCKS = YES;
				GCC_WARN_64_TO_32_BIT_CONVERSION = YES;
				GCC_WARN_ABOUT_RETURN_TYPE = YES_ERROR;
				GCC_WARN_UNDECLARED_SELECTOR = YES;
				GCC_WARN_UNINITIALIZED_AUTOS = YES_AGGRESSIVE;
				GCC_WARN_UNUSED_FUNCTION = YES;
				GCC_WARN_UNUSED_VARIABLE = YES;
				IPHONEOS_DEPLOYMENT_TARGET = 13.2;
				MTL_ENABLE_DEBUG_INFO = NO;
				MTL_FAST_MATH = YES;
				SDKROOT = iphoneos;
				SWIFT_COMPILATION_MODE = wholemodule;
				SWIFT_OPTIMIZATION_LEVEL = "-O";
				VALIDATE_PRODUCT = YES;
			};
			name = Release;
		};
		A25EEFA125C08D24004A5769 /* Debug */ = {
			isa = XCBuildConfiguration;
			buildSettings = {
				ASSETCATALOG_COMPILER_APPICON_NAME = AppIcon;
				CODE_SIGN_STYLE = Automatic;
				INFOPLIST_FILE = ListaRecetas/Info.plist;
				LD_RUNPATH_SEARCH_PATHS = (
					"$(inherited)",
					"@executable_path/Frameworks",
				);
				PRODUCT_BUNDLE_IDENTIFIER = marcosledesma.ListaRecetas;
				PRODUCT_NAME = "$(TARGET_NAME)";
				SWIFT_VERSION = 5.0;
				TARGETED_DEVICE_FAMILY = "1,2";
			};
			name = Debug;
		};
		A25EEFA225C08D24004A5769 /* Release */ = {
			isa = XCBuildConfiguration;
			buildSettings = {
				ASSETCATALOG_COMPILER_APPICON_NAME = AppIcon;
				CODE_SIGN_STYLE = Automatic;
				INFOPLIST_FILE = ListaRecetas/Info.plist;
				LD_RUNPATH_SEARCH_PATHS = (
					"$(inherited)",
					"@executable_path/Frameworks",
				);
				PRODUCT_BUNDLE_IDENTIFIER = marcosledesma.ListaRecetas;
				PRODUCT_NAME = "$(TARGET_NAME)";
				SWIFT_VERSION = 5.0;
				TARGETED_DEVICE_FAMILY = "1,2";
			};
			name = Release;
		};
/* End XCBuildConfiguration section */

/* Begin XCConfigurationList section */
		A25EEF8425C08D20004A5769 /* Build configuration list for PBXProject "ListaRecetas" */ = {
			isa = XCConfigurationList;
			buildConfigurations = (
				A25EEF9E25C08D24004A5769 /* Debug */,
				A25EEF9F25C08D24004A5769 /* Release */,
			);
			defaultConfigurationIsVisible = 0;
			defaultConfigurationName = Release;
		};
		A25EEFA025C08D24004A5769 /* Build configuration list for PBXNativeTarget "ListaRecetas" */ = {
			isa = XCConfigurationList;
			buildConfigurations = (
				A25EEFA125C08D24004A5769 /* Debug */,
				A25EEFA225C08D24004A5769 /* Release */,
			);
			defaultConfigurationIsVisible = 0;
			defaultConfigurationName = Release;
		};
/* End XCConfigurationList section */

/* Begin XCVersionGroup section */
		A25EEF9525C08D20004A5769 /* ListaRecetas.xcdatamodeld */ = {
			isa = XCVersionGroup;
			children = (
				A25EEF9625C08D20004A5769 /* ListaRecetas.xcdatamodel */,
			);
			currentVersion = A25EEF9625C08D20004A5769 /* ListaRecetas.xcdatamodel */;
			path = ListaRecetas.xcdatamodeld;
			sourceTree = "<group>";
			versionGroupType = wrapper.xcdatamodel;
		};
/* End XCVersionGroup section */
	};
	rootObject = A25EEF8125C08D20004A5769 /* Project object */;
}
